
Microsoft Visual Studio Solution File, Format Version 12.00
# Visual Studio 15
VisualStudioVersion = 15.0.27004.2008
MinimumVisualStudioVersion = 10.0.40219.1
Project("{FAE04EC0-301F-11D3-BF4B-00C04F79EFBC}") = "EX3", "ex3\EX3.csproj", "{03B24702-9954-45EA-8A8A-F1DD951B6BA0}"
EndProject
Global
	GlobalSection(SolutionConfigurationPlatforms) = preSolution
		Debug|Any CPU = Debug|Any CPU
		Release|Any CPU = Release|Any CPU
	EndGlobalSection
	GlobalSection(ProjectConfigurationPlatforms) = postSolution
		{03B24702-9954-45EA-8A8A-F1DD951B6BA0}.Debug|Any CPU.ActiveCfg = Debug|Any CPU
		{03B24702-9954-45EA-8A8A-F1DD951B6BA0}.Debug|Any CPU.Build.0 = Debug|Any CPU
		{03B24702-9954-45EA-8A8A-F1DD951B6BA0}.Release|Any CPU.ActiveCfg = Release|Any CPU
		{03B24702-9954-45EA-8A8A-F1DD951B6BA0}.Release|Any CPU.Build.0 = Release|Any CPU
	EndGlobalSection
	GlobalSection(SolutionProperties) = preSolution
		HideSolutionNode = FALSE
	EndGlobalSection
	GlobalSection(ExtensibilityGlobals) = postSolution
		SolutionGuid = {282265E5-74CF-45EE-B3BE-9F0F5389CED1}
	EndGlobalSection
EndGlobal
